// !$*UTF8*$!
{
	archiveVersion = 1;
	classes = {
	};
	objectVersion = 50;
	objects = {

/* Begin PBXBuildFile section */
		7510CB9521675AAA0018D719 /* AppDelegate.swift in Sources */ = {isa = PBXBuildFile; fileRef = 7510CB9421675AAA0018D719 /* AppDelegate.swift */; };
		7510CB9721675AAA0018D719 /* ViewController.swift in Sources */ = {isa = PBXBuildFile; fileRef = 7510CB9621675AAA0018D719 /* ViewController.swift */; };
		7510CB9A21675AAA0018D719 /* Main.storyboard in Resources */ = {isa = PBXBuildFile; fileRef = 7510CB9821675AAA0018D719 /* Main.storyboard */; };
		7510CB9D21675AAA0018D719 /* ProjectJeplin.xcdatamodeld in Sources */ = {isa = PBXBuildFile; fileRef = 7510CB9B21675AAA0018D719 /* ProjectJeplin.xcdatamodeld */; };
		7510CB9F21675ABA0018D719 /* Assets.xcassets in Resources */ = {isa = PBXBuildFile; fileRef = 7510CB9E21675ABA0018D719 /* Assets.xcassets */; };
		7510CBA221675ABA0018D719 /* LaunchScreen.storyboard in Resources */ = {isa = PBXBuildFile; fileRef = 7510CBA021675ABA0018D719 /* LaunchScreen.storyboard */; };
		7510CBAD21675C9F0018D719 /* LogoImage.swift in Sources */ = {isa = PBXBuildFile; fileRef = 7510CBAC21675C9F0018D719 /* LogoImage.swift */; };
		7510CBB021676C9B0018D719 /* ConstraintsLayout.swift in Sources */ = {isa = PBXBuildFile; fileRef = 7510CBAF21676C9B0018D719 /* ConstraintsLayout.swift */; };
		7510CBB221677EBA0018D719 /* ButtonLayer.swift in Sources */ = {isa = PBXBuildFile; fileRef = 7510CBB121677EBA0018D719 /* ButtonLayer.swift */; };
/* End PBXBuildFile section */

/* Begin PBXFileReference section */
		7510CB9121675AAA0018D719 /* ProjectJeplin.app */ = {isa = PBXFileReference; explicitFileType = wrapper.application; includeInIndex = 0; path = ProjectJeplin.app; sourceTree = BUILT_PRODUCTS_DIR; };
		7510CB9421675AAA0018D719 /* AppDelegate.swift */ = {isa = PBXFileReference; lastKnownFileType = sourcecode.swift; path = AppDelegate.swift; sourceTree = "<group>"; };
		7510CB9621675AAA0018D719 /* ViewController.swift */ = {isa = PBXFileReference; lastKnownFileType = sourcecode.swift; path = ViewController.swift; sourceTree = "<group>"; };
		7510CB9921675AAA0018D719 /* Base */ = {isa = PBXFileReference; lastKnownFileType = file.storyboard; name = Base; path = Base.lproj/Main.storyboard; sourceTree = "<group>"; };
		7510CB9C21675AAA0018D719 /* ProjectJeplin.xcdatamodel */ = {isa = PBXFileReference; lastKnownFileType = wrapper.xcdatamodel; path = ProjectJeplin.xcdatamodel; sourceTree = "<group>"; };
		7510CB9E21675ABA0018D719 /* Assets.xcassets */ = {isa = PBXFileReference; lastKnownFileType = folder.assetcatalog; path = Assets.xcassets; sourceTree = "<group>"; };
		7510CBA121675ABA0018D719 /* Base */ = {isa = PBXFileReference; lastKnownFileType = file.storyboard; name = Base; path = Base.lproj/LaunchScreen.storyboard; sourceTree = "<group>"; };
		7510CBA321675ABA0018D719 /* Info.plist */ = {isa = PBXFileReference; lastKnownFileType = text.plist.xml; path = Info.plist; sourceTree = "<group>"; };
		7510CBAC21675C9F0018D719 /* LogoImage.swift */ = {isa = PBXFileReference; lastKnownFileType = sourcecode.swift; path = LogoImage.swift; sourceTree = "<group>"; };
		7510CBAF21676C9B0018D719 /* ConstraintsLayout.swift */ = {isa = PBXFileReference; lastKnownFileType = sourcecode.swift; path = ConstraintsLayout.swift; sourceTree = "<group>"; };
		7510CBB121677EBA0018D719 /* ButtonLayer.swift */ = {isa = PBXFileReference; lastKnownFileType = sourcecode.swift; path = ButtonLayer.swift; sourceTree = "<group>"; };
/* End PBXFileReference section */

/* Begin PBXFrameworksBuildPhase section */
		7510CB8E21675AAA0018D719 /* Frameworks */ = {
			isa = PBXFrameworksBuildPhase;
			buildActionMask = 2147483647;
			files = (
			);
			runOnlyForDeploymentPostprocessing = 0;
		};
/* End PBXFrameworksBuildPhase section */

/* Begin PBXGroup section */
		7510CB8821675AAA0018D719 = {
			isa = PBXGroup;
			children = (
				7510CB9321675AAA0018D719 /* ProjectJeplin */,
				7510CB9221675AAA0018D719 /* Products */,
			);
			sourceTree = "<group>";
		};
		7510CB9221675AAA0018D719 /* Products */ = {
			isa = PBXGroup;
			children = (
				7510CB9121675AAA0018D719 /* ProjectJeplin.app */,
			);
			name = Products;
			sourceTree = "<group>";
		};
		7510CB9321675AAA0018D719 /* ProjectJeplin */ = {
			isa = PBXGroup;
			children = (
				7510CBAE21676C7B0018D719 /* Constraints */,
				7510CBAB21675B470018D719 /* Classes */,
				7510CB9421675AAA0018D719 /* AppDelegate.swift */,
				7510CB9621675AAA0018D719 /* ViewController.swift */,
				7510CB9821675AAA0018D719 /* Main.storyboard */,
				7510CB9E21675ABA0018D719 /* Assets.xcassets */,
				7510CBA021675ABA0018D719 /* LaunchScreen.storyboard */,
				7510CBA321675ABA0018D719 /* Info.plist */,
				7510CB9B21675AAA0018D719 /* ProjectJeplin.xcdatamodeld */,
			);
			path = ProjectJeplin;
			sourceTree = "<group>";
		};
		7510CBAB21675B470018D719 /* Classes */ = {
			isa = PBXGroup;
			children = (
				7510CBAC21675C9F0018D719 /* LogoImage.swift */,
				7510CBB121677EBA0018D719 /* ButtonLayer.swift */,
			);
			path = Classes;
			sourceTree = "<group>";
		};
		7510CBAE21676C7B0018D719 /* Constraints */ = {
			isa = PBXGroup;
			children = (
				7510CBAF21676C9B0018D719 /* ConstraintsLayout.swift */,
			);
			path = Constraints;
			sourceTree = "<group>";
		};
/* End PBXGroup section */

/* Begin PBXNativeTarget section */
		7510CB9021675AAA0018D719 /* ProjectJeplin */ = {
			isa = PBXNativeTarget;
			buildConfigurationList = 7510CBA621675ABA0018D719 /* Build configuration list for PBXNativeTarget "ProjectJeplin" */;
			buildPhases = (
				7510CB8D21675AAA0018D719 /* Sources */,
				7510CB8E21675AAA0018D719 /* Frameworks */,
				7510CB8F21675AAA0018D719 /* Resources */,
			);
			buildRules = (
			);
			dependencies = (
			);
			name = ProjectJeplin;
			productName = ProjectJeplin;
			productReference = 7510CB9121675AAA0018D719 /* ProjectJeplin.app */;
			productType = "com.apple.product-type.application";
		};
/* End PBXNativeTarget section */

/* Begin PBXProject section */
		7510CB8921675AAA0018D719 /* Project object */ = {
			isa = PBXProject;
			attributes = {
				LastSwiftUpdateCheck = 0940;
				LastUpgradeCheck = 0940;
				ORGANIZATIONNAME = Jeplin;
				TargetAttributes = {
					7510CB9021675AAA0018D719 = {
						CreatedOnToolsVersion = 9.4.1;
					};
				};
			};
			buildConfigurationList = 7510CB8C21675AAA0018D719 /* Build configuration list for PBXProject "ProjectJeplin" */;
			compatibilityVersion = "Xcode 9.3";
			developmentRegion = en;
			hasScannedForEncodings = 0;
			knownRegions = (
				en,
				Base,
			);
			mainGroup = 7510CB8821675AAA0018D719;
			productRefGroup = 7510CB9221675AAA0018D719 /* Products */;
			projectDirPath = "";
			projectRoot = "";
			targets = (
				7510CB9021675AAA0018D719 /* ProjectJeplin */,
			);
		};
/* End PBXProject section */

/* Begin PBXResourcesBuildPhase section */
		7510CB8F21675AAA0018D719 /* Resources */ = {
			isa = PBXResourcesBuildPhase;
			buildActionMask = 2147483647;
			files = (
				7510CBA221675ABA0018D719 /* LaunchScreen.storyboard in Resources */,
				7510CB9F21675ABA0018D719 /* Assets.xcassets in Resources */,
				7510CB9A21675AAA0018D719 /* Main.storyboard in Resources */,
			);
			runOnlyForDeploymentPostprocessing = 0;
		};
/* End PBXResourcesBuildPhase section */

/* Begin PBXSourcesBuildPhase section */
		7510CB8D21675AAA0018D719 /* Sources */ = {
			isa = PBXSourcesBuildPhase;
			buildActionMask = 2147483647;
			files = (
				7510CB9721675AAA0018D719 /* ViewController.swift in Sources */,
				7510CBAD21675C9F0018D719 /* LogoImage.swift in Sources */,
				7510CB9521675AAA0018D719 /* AppDelegate.swift in Sources */,
				7510CBB221677EBA0018D719 /* ButtonLayer.swift in Sources */,
				7510CB9D21675AAA0018D719 /* ProjectJeplin.xcdatamodeld in Sources */,
				7510CBB021676C9B0018D719 /* ConstraintsLayout.swift in Sources */,
			);
			runOnlyForDeploymentPostprocessing = 0;
		};
/* End PBXSourcesBuildPhase section */

/* Begin PBXVariantGroup section */
		7510CB9821675AAA0018D719 /* Main.storyboard */ = {
			isa = PBXVariantGroup;
			children = (
				7510CB9921675AAA0018D719 /* Base */,
			);
			name = Main.storyboard;
			sourceTree = "<group>";
		};
		7510CBA021675ABA0018D719 /* LaunchScreen.storyboard */ = {
			isa = PBXVariantGroup;
			children = (
				7510CBA121675ABA0018D719 /* Base */,
			);
			name = LaunchScreen.storyboard;
			sourceTree = "<group>";
		};
/* End PBXVariantGroup section */

/* Begin XCBuildConfiguration section */
		7510CBA421675ABA0018D719 /* Debug */ = {
			isa = XCBuildConfiguration;
			buildSettings = {
				ALWAYS_SEARCH_USER_PATHS = NO;
				CLANG_ANALYZER_NONNULL = YES;
				CLANG_ANALYZER_NUMBER_OBJECT_CONVERSION = YES_AGGRESSIVE;
				CLANG_CXX_LANGUAGE_STANDARD = "gnu++14";
				CLANG_CXX_LIBRARY = "libc++";
				CLANG_ENABLE_MODULES = YES;
				CLANG_ENABLE_OBJC_ARC = YES;
				CLANG_ENABLE_OBJC_WEAK = YES;
				CLANG_WARN_BLOCK_CAPTURE_AUTORELEASING = YES;
				CLANG_WARN_BOOL_CONVERSION = YES;
				CLANG_WARN_COMMA = YES;
				CLANG_WARN_CONSTANT_CONVERSION = YES;
				CLANG_WARN_DEPRECATED_OBJC_IMPLEMENTATIONS = YES;
				CLANG_WARN_DIRECT_OBJC_ISA_USAGE = YES_ERROR;
				CLANG_WARN_DOCUMENTATION_COMMENTS = YES;
				CLANG_WARN_EMPTY_BODY = YES;
				CLANG_WARN_ENUM_CONVERSION = YES;
				CLANG_WARN_INFINITE_RECURSION = YES;
				CLANG_WARN_INT_CONVERSION = YES;
				CLANG_WARN_NON_LITERAL_NULL_CONVERSION = YES;
				CLANG_WARN_OBJC_IMPLICIT_RETAIN_SELF = YES;
				CLANG_WARN_OBJC_LITERAL_CONVERSION = YES;
				CLANG_WARN_OBJC_ROOT_CLASS = YES_ERROR;
				CLANG_WARN_RANGE_LOOP_ANALYSIS = YES;
				CLANG_WARN_STRICT_PROTOTYPES = YES;
				CLANG_WARN_SUSPICIOUS_MOVE = YES;
				CLANG_WARN_UNGUARDED_AVAILABILITY = YES_AGGRESSIVE;
				CLANG_WARN_UNREACHABLE_CODE = YES;
				CLANG_WARN__DUPLICATE_METHOD_MATCH = YES;
				CODE_SIGN_IDENTITY = "iPhone Developer";
				COPY_PHASE_STRIP = NO;
				DEBUG_INFORMATION_FORMAT = dwarf;
				ENABLE_STRICT_OBJC_MSGSEND = YES;
				ENABLE_TESTABILITY = YES;
				GCC_C_LANGUAGE_STANDARD = gnu11;
				GCC_DYNAMIC_NO_PIC = NO;
				GCC_NO_COMMON_BLOCKS = YES;
				GCC_OPTIMIZATION_LEVEL = 0;
				GCC_PREPROCESSOR_DEFINITIONS = (
					"DEBUG=1",
					"$(inherited)",
				);
				GCC_WARN_64_TO_32_BIT_CONVERSION = YES;
				GCC_WARN_ABOUT_RETURN_TYPE = YES_ERROR;
				GCC_WARN_UNDECLARED_SELECTOR = YES;
				GCC_WARN_UNINITIALIZED_AUTOS = YES_AGGRESSIVE;
				GCC_WARN_UNUSED_FUNCTION = YES;
				GCC_WARN_UNUSED_VARIABLE = YES;
				IPHONEOS_DEPLOYMENT_TARGET = 11.4;
				MTL_ENABLE_DEBUG_INFO = YES;
				ONLY_ACTIVE_ARCH = YES;
				SDKROOT = iphoneos;
				SWIFT_ACTIVE_COMPILATION_CONDITIONS = DEBUG;
				SWIFT_OPTIMIZATION_LEVEL = "-Onone";
			};
			name = Debug;
		};
		7510CBA521675ABA0018D719 /* Release */ = {
			isa = XCBuildConfiguration;
			buildSettings = {
				ALWAYS_SEARCH_USER_PATHS = NO;
				CLANG_ANALYZER_NONNULL = YES;
				CLANG_ANALYZER_NUMBER_OBJECT_CONVERSION = YES_AGGRESSIVE;
				CLANG_CXX_LANGUAGE_STANDARD = "gnu++14";
				CLANG_CXX_LIBRARY = "libc++";
				CLANG_ENABLE_MODULES = YES;
				CLANG_ENABLE_OBJC_ARC = YES;
				CLANG_ENABLE_OBJC_WEAK = YES;
				CLANG_WARN_BLOCK_CAPTURE_AUTORELEASING = YES;
				CLANG_WARN_BOOL_CONVERSION = YES;
				CLANG_WARN_COMMA = YES;
				CLANG_WARN_CONSTANT_CONVERSION = YES;
				CLANG_WARN_DEPRECATED_OBJC_IMPLEMENTATIONS = YES;
				CLANG_WARN_DIRECT_OBJC_ISA_USAGE = YES_ERROR;
				CLANG_WARN_DOCUMENTATION_COMMENTS = YES;
				CLANG_WARN_EMPTY_BODY = YES;
				CLANG_WARN_ENUM_CONVERSION = YES;
				CLANG_WARN_INFINITE_RECURSION = YES;
				CLANG_WARN_INT_CONVERSION = YES;
				CLANG_WARN_NON_LITERAL_NULL_CONVERSION = YES;
				CLANG_WARN_OBJC_IMPLICIT_RETAIN_SELF = YES;
				CLANG_WARN_OBJC_LITERAL_CONVERSION = YES;
				CLANG_WARN_OBJC_ROOT_CLASS = YES_ERROR;
				CLANG_WARN_RANGE_LOOP_ANALYSIS = YES;
				CLANG_WARN_STRICT_PROTOTYPES = YES;
				CLANG_WARN_SUSPICIOUS_MOVE = YES;
				CLANG_WARN_UNGUARDED_AVAILABILITY = YES_AGGRESSIVE;
				CLANG_WARN_UNREACHABLE_CODE = YES;
				CLANG_WARN__DUPLICATE_METHOD_MATCH = YES;
				CODE_SIGN_IDENTITY = "iPhone Developer";
				COPY_PHASE_STRIP = NO;
				DEBUG_INFORMATION_FORMAT = "dwarf-with-dsym";
				ENABLE_NS_ASSERTIONS = NO;
				ENABLE_STRICT_OBJC_MSGSEND = YES;
				GCC_C_LANGUAGE_STANDARD = gnu11;
				GCC_NO_COMMON_BLOCKS = YES;
				GCC_WARN_64_TO_32_BIT_CONVERSION = YES;
				GCC_WARN_ABOUT_RETURN_TYPE = YES_ERROR;
				GCC_WARN_UNDECLARED_SELECTOR = YES;
				GCC_WARN_UNINITIALIZED_AUTOS = YES_AGGRESSIVE;
				GCC_WARN_UNUSED_FUNCTION = YES;
				GCC_WARN_UNUSED_VARIABLE = YES;
				IPHONEOS_DEPLOYMENT_TARGET = 11.4;
				MTL_ENABLE_DEBUG_INFO = NO;
				SDKROOT = iphoneos;
				SWIFT_COMPILATION_MODE = wholemodule;
				SWIFT_OPTIMIZATION_LEVEL = "-O";
				VALIDATE_PRODUCT = YES;
			};
			name = Release;
		};
		7510CBA721675ABA0018D719 /* Debug */ = {
			isa = XCBuildConfiguration;
			buildSettings = {
				ASSETCATALOG_COMPILER_APPICON_NAME = AppIcon;
				CODE_SIGN_STYLE = Automatic;
				DEVELOPMENT_TEAM = HL367T672U;
				INFOPLIST_FILE = ProjectJeplin/Info.plist;
				LD_RUNPATH_SEARCH_PATHS = (
					"$(inherited)",
					"@executable_path/Frameworks",
				);
				PRODUCT_BUNDLE_IDENTIFIER = com.jeplin.ProjectJeplin;
				PRODUCT_NAME = "$(TARGET_NAME)";
				SWIFT_VERSION = 4.0;
				TARGETED_DEVICE_FAMILY = "1,2";
			};
			name = Debug;
		};
		7510CBA821675ABA0018D719 /* Release */ = {
			isa = XCBuildConfiguration;
			buildSettings = {
				ASSETCATALOG_COMPILER_APPICON_NAME = AppIcon;
				CODE_SIGN_STYLE = Automatic;
				DEVELOPMENT_TEAM = HL367T672U;
				INFOPLIST_FILE = ProjectJeplin/Info.plist;
				LD_RUNPATH_SEARCH_PATHS = (
					"$(inherited)",
					"@executable_path/Frameworks",
				);
				PRODUCT_BUNDLE_IDENTIFIER = com.jeplin.ProjectJeplin;
				PRODUCT_NAME = "$(TARGET_NAME)";
				SWIFT_VERSION = 4.0;
				TARGETED_DEVICE_FAMILY = "1,2";
			};
			name = Release;
		};
/* End XCBuildConfiguration section */

/* Begin XCConfigurationList section */
		7510CB8C21675AAA0018D719 /* Build configuration list for PBXProject "ProjectJeplin" */ = {
			isa = XCConfigurationList;
			buildConfigurations = (
				7510CBA421675ABA0018D719 /* Debug */,
				7510CBA521675ABA0018D719 /* Release */,
			);
			defaultConfigurationIsVisible = 0;
			defaultConfigurationName = Release;
		};
		7510CBA621675ABA0018D719 /* Build configuration list for PBXNativeTarget "ProjectJeplin" */ = {
			isa = XCConfigurationList;
			buildConfigurations = (
				7510CBA721675ABA0018D719 /* Debug */,
				7510CBA821675ABA0018D719 /* Release */,
			);
			defaultConfigurationIsVisible = 0;
			defaultConfigurationName = Release;
		};
/* End XCConfigurationList section */

/* Begin XCVersionGroup section */
		7510CB9B21675AAA0018D719 /* ProjectJeplin.xcdatamodeld */ = {
			isa = XCVersionGroup;
			children = (
				7510CB9C21675AAA0018D719 /* ProjectJeplin.xcdatamodel */,
			);
			currentVersion = 7510CB9C21675AAA0018D719 /* ProjectJeplin.xcdatamodel */;
			path = ProjectJeplin.xcdatamodeld;
			sourceTree = "<group>";
			versionGroupType = wrapper.xcdatamodel;
		};
/* End XCVersionGroup section */
	};
	rootObject = 7510CB8921675AAA0018D719 /* Project object */;
}
